
Microsoft Visual Studio Solution File, Format Version 12.00
# Visual Studio Version 17
VisualStudioVersion = 17.1.32210.238
MinimumVisualStudioVersion = 10.0.40219.1
Project("{FAE04EC0-301F-11D3-BF4B-00C04F79EFBC}") = "TestBarberPWA.Server", "TestBarberPWA\Server\TestBarberPWA.Server.csproj", "{372EC037-6DE2-41CF-9838-BA924FC2ADBA}"
EndProject
Project("{FAE04EC0-301F-11D3-BF4B-00C04F79EFBC}") = "TestBarberPWA.Client", "TestBarberPWA\Client\TestBarberPWA.Client.csproj", "{431B3389-83A8-4C41-82F3-C34FEBF01600}"
EndProject
Project("{FAE04EC0-301F-11D3-BF4B-00C04F79EFBC}") = "TestBarberPWA.Shared", "TestBarberPWA\Shared\TestBarberPWA.Shared.csproj", "{35DC91A7-5054-42CA-AD5E-C2AD7618ED47}"
EndProject
Global
	GlobalSection(SolutionConfigurationPlatforms) = preSolution
		Debug|Any CPU = Debug|Any CPU
		Release|Any CPU = Release|Any CPU
	EndGlobalSection
	GlobalSection(ProjectConfigurationPlatforms) = postSolution
		{372EC037-6DE2-41CF-9838-BA924FC2ADBA}.Debug|Any CPU.ActiveCfg = Debug|Any CPU
		{372EC037-6DE2-41CF-9838-BA924FC2ADBA}.Debug|Any CPU.Build.0 = Debug|Any CPU
		{372EC037-6DE2-41CF-9838-BA924FC2ADBA}.Release|Any CPU.ActiveCfg = Release|Any CPU
		{372EC037-6DE2-41CF-9838-BA924FC2ADBA}.Release|Any CPU.Build.0 = Release|Any CPU
		{431B3389-83A8-4C41-82F3-C34FEBF01600}.Debug|Any CPU.ActiveCfg = Debug|Any CPU
		{431B3389-83A8-4C41-82F3-C34FEBF01600}.Debug|Any CPU.Build.0 = Debug|Any CPU
		{431B3389-83A8-4C41-82F3-C34FEBF01600}.Release|Any CPU.ActiveCfg = Release|Any CPU
		{431B3389-83A8-4C41-82F3-C34FEBF01600}.Release|Any CPU.Build.0 = Release|Any CPU
		{35DC91A7-5054-42CA-AD5E-C2AD7618ED47}.Debug|Any CPU.ActiveCfg = Debug|Any CPU
		{35DC91A7-5054-42CA-AD5E-C2AD7618ED47}.Debug|Any CPU.Build.0 = Debug|Any CPU
		{35DC91A7-5054-42CA-AD5E-C2AD7618ED47}.Release|Any CPU.ActiveCfg = Release|Any CPU
		{35DC91A7-5054-42CA-AD5E-C2AD7618ED47}.Release|Any CPU.Build.0 = Release|Any CPU
	EndGlobalSection
	GlobalSection(SolutionProperties) = preSolution
		HideSolutionNode = FALSE
	EndGlobalSection
	GlobalSection(ExtensibilityGlobals) = postSolution
		SolutionGuid = {72663F6E-15C3-4B97-87AD-BABDCEC3FE5D}
	EndGlobalSection
EndGlobal
